
Microsoft Visual Studio Solution File, Format Version 12.00
# Visual Studio 2013
VisualStudioVersion = 12.0.30723.0
MinimumVisualStudioVersion = 10.0.40219.1
Project("{FAE04EC0-301F-11D3-BF4B-00C04F79EFBC}") = "SMIoCQuickStart", "SMIoCQuickStart\SMIoCQuickStart.csproj", "{75C69139-6773-4387-9DAB-3E678795287A}"
EndProject
Project("{FAE04EC0-301F-11D3-BF4B-00C04F79EFBC}") = "MessagingIoC", "MessagingIoC\MessagingIoC.csproj", "{C5146DCA-4BC3-43DE-90BA-1C39A64A810E}"
EndProject
Project("{FAE04EC0-301F-11D3-BF4B-00C04F79EFBC}") = "StructureMapConsoleApp", "StructureMapConsoleApp\StructureMapConsoleApp.csproj", "{8D343CA2-CB63-49D2-93F6-36896474BEE1}"
EndProject
Project("{FAE04EC0-301F-11D3-BF4B-00C04F79EFBC}") = "GenericServiceLocator", "GenericServiceLocator\GenericServiceLocator.csproj", "{DB2BA511-C67E-42DC-A0F4-3E6C92475922}"
EndProject
Global
	GlobalSection(SolutionConfigurationPlatforms) = preSolution
		Debug|Any CPU = Debug|Any CPU
		Release|Any CPU = Release|Any CPU
	EndGlobalSection
	GlobalSection(ProjectConfigurationPlatforms) = postSolution
		{75C69139-6773-4387-9DAB-3E678795287A}.Debug|Any CPU.ActiveCfg = Debug|Any CPU
		{75C69139-6773-4387-9DAB-3E678795287A}.Debug|Any CPU.Build.0 = Debug|Any CPU
		{75C69139-6773-4387-9DAB-3E678795287A}.Release|Any CPU.ActiveCfg = Release|Any CPU
		{75C69139-6773-4387-9DAB-3E678795287A}.Release|Any CPU.Build.0 = Release|Any CPU
		{C5146DCA-4BC3-43DE-90BA-1C39A64A810E}.Debug|Any CPU.ActiveCfg = Debug|Any CPU
		{C5146DCA-4BC3-43DE-90BA-1C39A64A810E}.Debug|Any CPU.Build.0 = Debug|Any CPU
		{C5146DCA-4BC3-43DE-90BA-1C39A64A810E}.Release|Any CPU.ActiveCfg = Release|Any CPU
		{C5146DCA-4BC3-43DE-90BA-1C39A64A810E}.Release|Any CPU.Build.0 = Release|Any CPU
		{8D343CA2-CB63-49D2-93F6-36896474BEE1}.Debug|Any CPU.ActiveCfg = Debug|Any CPU
		{8D343CA2-CB63-49D2-93F6-36896474BEE1}.Debug|Any CPU.Build.0 = Debug|Any CPU
		{8D343CA2-CB63-49D2-93F6-36896474BEE1}.Release|Any CPU.ActiveCfg = Release|Any CPU
		{8D343CA2-CB63-49D2-93F6-36896474BEE1}.Release|Any CPU.Build.0 = Release|Any CPU
		{DB2BA511-C67E-42DC-A0F4-3E6C92475922}.Debug|Any CPU.ActiveCfg = Debug|Any CPU
		{DB2BA511-C67E-42DC-A0F4-3E6C92475922}.Debug|Any CPU.Build.0 = Debug|Any CPU
		{DB2BA511-C67E-42DC-A0F4-3E6C92475922}.Release|Any CPU.ActiveCfg = Release|Any CPU
		{DB2BA511-C67E-42DC-A0F4-3E6C92475922}.Release|Any CPU.Build.0 = Release|Any CPU
	EndGlobalSection
	GlobalSection(SolutionProperties) = preSolution
		HideSolutionNode = FALSE
	EndGlobalSection
EndGlobal
