
Microsoft Visual Studio Solution File, Format Version 12.00
# Visual Studio 2013
VisualStudioVersion = 12.0.30723.0
MinimumVisualStudioVersion = 10.0.40219.1
Project("{FAE04EC0-301F-11D3-BF4B-00C04F79EFBC}") = "SMIoCQuickStart", "SMIoCQuickStart\SMIoCQuickStart.csproj", "{75C69139-6773-4387-9DAB-3E678795287A}"
EndProject
Project("{FAE04EC0-301F-11D3-BF4B-00C04F79EFBC}") = "MessagingIoC", "MessagingIoC\MessagingIoC.csproj", "{C5146DCA-4BC3-43DE-90BA-1C39A64A810E}"
EndProject
Project("{FAE04EC0-301F-11D3-BF4B-00C04F79EFBC}") = "StructureMapConsoleApp", "StructureMapConsoleApp\StructureMapConsoleApp.csproj", "{8D343CA2-CB63-49D2-93F6-36896474BEE1}"
EndProject
Project("{FAE04EC0-301F-11D3-BF4B-00C04F79EFBC}") = "GenericServiceLocator", "GenericServiceLocator\GenericServiceLocator.csproj", "{DB2BA511-C67E-42DC-A0F4-3E6C92475922}"
EndProject
Project("{FAE04EC0-301F-11D3-BF4B-00C04F79EFBC}") = "MediatorApp", "MediatorApp\MediatorApp.csproj", "{0D9AE5DB-9A19-4B0C-8512-BE1D6BC77A2B}"
EndProject
Project("{FAE04EC0-301F-11D3-BF4B-00C04F79EFBC}") = "SetterInjectSM", "SetterInjectSM\SetterInjectSM.csproj", "{3F4CEB5A-9B8A-4C5B-B372-ED901A62286E}"
EndProject
Project("{FAE04EC0-301F-11D3-BF4B-00C04F79EFBC}") = "ASPActionFilterApp", "ASPActionFilterApp\ASPActionFilterApp.csproj", "{CFD1B8A3-333C-4E30-A3FD-F3C4F08A69EE}"
EndProject
Project("{FAE04EC0-301F-11D3-BF4B-00C04F79EFBC}") = "STTempDataExtensions", "STTempDataExtensions\STTempDataExtensions.csproj", "{D4F9D479-590A-446C-A064-8D6A9462371B}"
EndProject
Project("{FAE04EC0-301F-11D3-BF4B-00C04F79EFBC}") = "mongodbProvider", "mongodbProvider\mongodbProvider.csproj", "{B82950E8-761C-4A3C-98EF-5C5ECF414313}"
EndProject
Project("{FAE04EC0-301F-11D3-BF4B-00C04F79EFBC}") = "customProfile", "customProfile\customProfile.csproj", "{7C1B2785-5924-4FEF-B08E-DC0A6838DC52}"
EndProject
Global
	GlobalSection(SolutionConfigurationPlatforms) = preSolution
		Debug|Any CPU = Debug|Any CPU
		Release|Any CPU = Release|Any CPU
	EndGlobalSection
	GlobalSection(ProjectConfigurationPlatforms) = postSolution
		{75C69139-6773-4387-9DAB-3E678795287A}.Debug|Any CPU.ActiveCfg = Debug|Any CPU
		{75C69139-6773-4387-9DAB-3E678795287A}.Debug|Any CPU.Build.0 = Debug|Any CPU
		{75C69139-6773-4387-9DAB-3E678795287A}.Release|Any CPU.ActiveCfg = Release|Any CPU
		{75C69139-6773-4387-9DAB-3E678795287A}.Release|Any CPU.Build.0 = Release|Any CPU
		{C5146DCA-4BC3-43DE-90BA-1C39A64A810E}.Debug|Any CPU.ActiveCfg = Debug|Any CPU
		{C5146DCA-4BC3-43DE-90BA-1C39A64A810E}.Debug|Any CPU.Build.0 = Debug|Any CPU
		{C5146DCA-4BC3-43DE-90BA-1C39A64A810E}.Release|Any CPU.ActiveCfg = Release|Any CPU
		{C5146DCA-4BC3-43DE-90BA-1C39A64A810E}.Release|Any CPU.Build.0 = Release|Any CPU
		{8D343CA2-CB63-49D2-93F6-36896474BEE1}.Debug|Any CPU.ActiveCfg = Debug|Any CPU
		{8D343CA2-CB63-49D2-93F6-36896474BEE1}.Debug|Any CPU.Build.0 = Debug|Any CPU
		{8D343CA2-CB63-49D2-93F6-36896474BEE1}.Release|Any CPU.ActiveCfg = Release|Any CPU
		{8D343CA2-CB63-49D2-93F6-36896474BEE1}.Release|Any CPU.Build.0 = Release|Any CPU
		{DB2BA511-C67E-42DC-A0F4-3E6C92475922}.Debug|Any CPU.ActiveCfg = Debug|Any CPU
		{DB2BA511-C67E-42DC-A0F4-3E6C92475922}.Debug|Any CPU.Build.0 = Debug|Any CPU
		{DB2BA511-C67E-42DC-A0F4-3E6C92475922}.Release|Any CPU.ActiveCfg = Release|Any CPU
		{DB2BA511-C67E-42DC-A0F4-3E6C92475922}.Release|Any CPU.Build.0 = Release|Any CPU
		{0D9AE5DB-9A19-4B0C-8512-BE1D6BC77A2B}.Debug|Any CPU.ActiveCfg = Debug|Any CPU
		{0D9AE5DB-9A19-4B0C-8512-BE1D6BC77A2B}.Debug|Any CPU.Build.0 = Debug|Any CPU
		{0D9AE5DB-9A19-4B0C-8512-BE1D6BC77A2B}.Release|Any CPU.ActiveCfg = Release|Any CPU
		{0D9AE5DB-9A19-4B0C-8512-BE1D6BC77A2B}.Release|Any CPU.Build.0 = Release|Any CPU
		{3F4CEB5A-9B8A-4C5B-B372-ED901A62286E}.Debug|Any CPU.ActiveCfg = Debug|Any CPU
		{3F4CEB5A-9B8A-4C5B-B372-ED901A62286E}.Debug|Any CPU.Build.0 = Debug|Any CPU
		{3F4CEB5A-9B8A-4C5B-B372-ED901A62286E}.Release|Any CPU.ActiveCfg = Release|Any CPU
		{3F4CEB5A-9B8A-4C5B-B372-ED901A62286E}.Release|Any CPU.Build.0 = Release|Any CPU
		{CFD1B8A3-333C-4E30-A3FD-F3C4F08A69EE}.Debug|Any CPU.ActiveCfg = Debug|Any CPU
		{CFD1B8A3-333C-4E30-A3FD-F3C4F08A69EE}.Debug|Any CPU.Build.0 = Debug|Any CPU
		{CFD1B8A3-333C-4E30-A3FD-F3C4F08A69EE}.Release|Any CPU.ActiveCfg = Release|Any CPU
		{CFD1B8A3-333C-4E30-A3FD-F3C4F08A69EE}.Release|Any CPU.Build.0 = Release|Any CPU
		{D4F9D479-590A-446C-A064-8D6A9462371B}.Debug|Any CPU.ActiveCfg = Debug|Any CPU
		{D4F9D479-590A-446C-A064-8D6A9462371B}.Debug|Any CPU.Build.0 = Debug|Any CPU
		{D4F9D479-590A-446C-A064-8D6A9462371B}.Release|Any CPU.ActiveCfg = Release|Any CPU
		{D4F9D479-590A-446C-A064-8D6A9462371B}.Release|Any CPU.Build.0 = Release|Any CPU
		{B82950E8-761C-4A3C-98EF-5C5ECF414313}.Debug|Any CPU.ActiveCfg = Debug|Any CPU
		{B82950E8-761C-4A3C-98EF-5C5ECF414313}.Debug|Any CPU.Build.0 = Debug|Any CPU
		{B82950E8-761C-4A3C-98EF-5C5ECF414313}.Release|Any CPU.ActiveCfg = Release|Any CPU
		{B82950E8-761C-4A3C-98EF-5C5ECF414313}.Release|Any CPU.Build.0 = Release|Any CPU
		{7C1B2785-5924-4FEF-B08E-DC0A6838DC52}.Debug|Any CPU.ActiveCfg = Debug|Any CPU
		{7C1B2785-5924-4FEF-B08E-DC0A6838DC52}.Debug|Any CPU.Build.0 = Debug|Any CPU
		{7C1B2785-5924-4FEF-B08E-DC0A6838DC52}.Release|Any CPU.ActiveCfg = Release|Any CPU
		{7C1B2785-5924-4FEF-B08E-DC0A6838DC52}.Release|Any CPU.Build.0 = Release|Any CPU
	EndGlobalSection
	GlobalSection(SolutionProperties) = preSolution
		HideSolutionNode = FALSE
	EndGlobalSection
EndGlobal
